// !$*UTF8*$!
{
	archiveVersion = 1;
	classes = {
	};
	objectVersion = 56;
	objects = {

/* Begin PBXBuildFile section */
		FA50C3782A00B62400F3CDEF /* AppDelegate.swift in Sources */ = {isa = PBXBuildFile; fileRef = FA50C3772A00B62400F3CDEF /* AppDelegate.swift */; };
		FA50C37A2A00B62400F3CDEF /* SceneDelegate.swift in Sources */ = {isa = PBXBuildFile; fileRef = FA50C3792A00B62400F3CDEF /* SceneDelegate.swift */; };
		FA50C37C2A00B62400F3CDEF /* ViewController.swift in Sources */ = {isa = PBXBuildFile; fileRef = FA50C37B2A00B62400F3CDEF /* ViewController.swift */; };
		FA50C37F2A00B62400F3CDEF /* Main.storyboard in Resources */ = {isa = PBXBuildFile; fileRef = FA50C37D2A00B62400F3CDEF /* Main.storyboard */; };
		FA50C3812A00B62500F3CDEF /* Assets.xcassets in Resources */ = {isa = PBXBuildFile; fileRef = FA50C3802A00B62500F3CDEF /* Assets.xcassets */; };
		FA50C3842A00B62500F3CDEF /* LaunchScreen.storyboard in Resources */ = {isa = PBXBuildFile; fileRef = FA50C3822A00B62500F3CDEF /* LaunchScreen.storyboard */; };
		FA50C38F2A00B62500F3CDEF /* ContentSizedTableViewAndConllectionViewTests.swift in Sources */ = {isa = PBXBuildFile; fileRef = FA50C38E2A00B62500F3CDEF /* ContentSizedTableViewAndConllectionViewTests.swift */; };
		FA50C3992A00B62500F3CDEF /* ContentSizedTableViewAndConllectionViewUITests.swift in Sources */ = {isa = PBXBuildFile; fileRef = FA50C3982A00B62500F3CDEF /* ContentSizedTableViewAndConllectionViewUITests.swift */; };
		FA50C39B2A00B62500F3CDEF /* ContentSizedTableViewAndConllectionViewUITestsLaunchTests.swift in Sources */ = {isa = PBXBuildFile; fileRef = FA50C39A2A00B62500F3CDEF /* ContentSizedTableViewAndConllectionViewUITestsLaunchTests.swift */; };
		FA50C3A92A00B65500F3CDEF /* ContentSizedTableView.swift in Sources */ = {isa = PBXBuildFile; fileRef = FA50C3A82A00B65500F3CDEF /* ContentSizedTableView.swift */; };
		FA50C3AD2A00B6CB00F3CDEF /* ContentSizedCollectionView.swift in Sources */ = {isa = PBXBuildFile; fileRef = FA50C3AC2A00B6CB00F3CDEF /* ContentSizedCollectionView.swift */; };
/* End PBXBuildFile section */

/* Begin PBXContainerItemProxy section */
		FA50C38B2A00B62500F3CDEF /* PBXContainerItemProxy */ = {
			isa = PBXContainerItemProxy;
			containerPortal = FA50C36C2A00B62300F3CDEF /* Project object */;
			proxyType = 1;
			remoteGlobalIDString = FA50C3732A00B62300F3CDEF;
			remoteInfo = ContentSizedTableViewAndConllectionView;
		};
		FA50C3952A00B62500F3CDEF /* PBXContainerItemProxy */ = {
			isa = PBXContainerItemProxy;
			containerPortal = FA50C36C2A00B62300F3CDEF /* Project object */;
			proxyType = 1;
			remoteGlobalIDString = FA50C3732A00B62300F3CDEF;
			remoteInfo = ContentSizedTableViewAndConllectionView;
		};
/* End PBXContainerItemProxy section */

/* Begin PBXFileReference section */
		FA50C3742A00B62400F3CDEF /* ContentSizedTableViewAndConllectionView.app */ = {isa = PBXFileReference; explicitFileType = wrapper.application; includeInIndex = 0; path = ContentSizedTableViewAndConllectionView.app; sourceTree = BUILT_PRODUCTS_DIR; };
		FA50C3772A00B62400F3CDEF /* AppDelegate.swift */ = {isa = PBXFileReference; lastKnownFileType = sourcecode.swift; path = AppDelegate.swift; sourceTree = "<group>"; };
		FA50C3792A00B62400F3CDEF /* SceneDelegate.swift */ = {isa = PBXFileReference; lastKnownFileType = sourcecode.swift; path = SceneDelegate.swift; sourceTree = "<group>"; };
		FA50C37B2A00B62400F3CDEF /* ViewController.swift */ = {isa = PBXFileReference; lastKnownFileType = sourcecode.swift; path = ViewController.swift; sourceTree = "<group>"; };
		FA50C37E2A00B62400F3CDEF /* Base */ = {isa = PBXFileReference; lastKnownFileType = file.storyboard; name = Base; path = Base.lproj/Main.storyboard; sourceTree = "<group>"; };
		FA50C3802A00B62500F3CDEF /* Assets.xcassets */ = {isa = PBXFileReference; lastKnownFileType = folder.assetcatalog; path = Assets.xcassets; sourceTree = "<group>"; };
		FA50C3832A00B62500F3CDEF /* Base */ = {isa = PBXFileReference; lastKnownFileType = file.storyboard; name = Base; path = Base.lproj/LaunchScreen.storyboard; sourceTree = "<group>"; };
		FA50C3852A00B62500F3CDEF /* Info.plist */ = {isa = PBXFileReference; lastKnownFileType = text.plist.xml; path = Info.plist; sourceTree = "<group>"; };
		FA50C38A2A00B62500F3CDEF /* ContentSizedTableViewAndConllectionViewTests.xctest */ = {isa = PBXFileReference; explicitFileType = wrapper.cfbundle; includeInIndex = 0; path = ContentSizedTableViewAndConllectionViewTests.xctest; sourceTree = BUILT_PRODUCTS_DIR; };
		FA50C38E2A00B62500F3CDEF /* ContentSizedTableViewAndConllectionViewTests.swift */ = {isa = PBXFileReference; lastKnownFileType = sourcecode.swift; path = ContentSizedTableViewAndConllectionViewTests.swift; sourceTree = "<group>"; };
		FA50C3942A00B62500F3CDEF /* ContentSizedTableViewAndConllectionViewUITests.xctest */ = {isa = PBXFileReference; explicitFileType = wrapper.cfbundle; includeInIndex = 0; path = ContentSizedTableViewAndConllectionViewUITests.xctest; sourceTree = BUILT_PRODUCTS_DIR; };
		FA50C3982A00B62500F3CDEF /* ContentSizedTableViewAndConllectionViewUITests.swift */ = {isa = PBXFileReference; lastKnownFileType = sourcecode.swift; path = ContentSizedTableViewAndConllectionViewUITests.swift; sourceTree = "<group>"; };
		FA50C39A2A00B62500F3CDEF /* ContentSizedTableViewAndConllectionViewUITestsLaunchTests.swift */ = {isa = PBXFileReference; lastKnownFileType = sourcecode.swift; path = ContentSizedTableViewAndConllectionViewUITestsLaunchTests.swift; sourceTree = "<group>"; };
		FA50C3A82A00B65500F3CDEF /* ContentSizedTableView.swift */ = {isa = PBXFileReference; lastKnownFileType = sourcecode.swift; path = ContentSizedTableView.swift; sourceTree = "<group>"; };
		FA50C3AC2A00B6CB00F3CDEF /* ContentSizedCollectionView.swift */ = {isa = PBXFileReference; lastKnownFileType = sourcecode.swift; path = ContentSizedCollectionView.swift; sourceTree = "<group>"; };
/* End PBXFileReference section */

/* Begin PBXFrameworksBuildPhase section */
		FA50C3712A00B62300F3CDEF /* Frameworks */ = {
			isa = PBXFrameworksBuildPhase;
			buildActionMask = 2147483647;
			files = (
			);
			runOnlyForDeploymentPostprocessing = 0;
		};
		FA50C3872A00B62500F3CDEF /* Frameworks */ = {
			isa = PBXFrameworksBuildPhase;
			buildActionMask = 2147483647;
			files = (
			);
			runOnlyForDeploymentPostprocessing = 0;
		};
		FA50C3912A00B62500F3CDEF /* Frameworks */ = {
			isa = PBXFrameworksBuildPhase;
			buildActionMask = 2147483647;
			files = (
			);
			runOnlyForDeploymentPostprocessing = 0;
		};
/* End PBXFrameworksBuildPhase section */

/* Begin PBXGroup section */
		FA50C36B2A00B62300F3CDEF = {
			isa = PBXGroup;
			children = (
				FA50C3762A00B62400F3CDEF /* ContentSizedTableViewAndConllectionView */,
				FA50C38D2A00B62500F3CDEF /* ContentSizedTableViewAndConllectionViewTests */,
				FA50C3972A00B62500F3CDEF /* ContentSizedTableViewAndConllectionViewUITests */,
				FA50C3752A00B62400F3CDEF /* Products */,
			);
			sourceTree = "<group>";
		};
		FA50C3752A00B62400F3CDEF /* Products */ = {
			isa = PBXGroup;
			children = (
				FA50C3742A00B62400F3CDEF /* ContentSizedTableViewAndConllectionView.app */,
				FA50C38A2A00B62500F3CDEF /* ContentSizedTableViewAndConllectionViewTests.xctest */,
				FA50C3942A00B62500F3CDEF /* ContentSizedTableViewAndConllectionViewUITests.xctest */,
			);
			name = Products;
			sourceTree = "<group>";
		};
		FA50C3762A00B62400F3CDEF /* ContentSizedTableViewAndConllectionView */ = {
			isa = PBXGroup;
			children = (
				FA50C3772A00B62400F3CDEF /* AppDelegate.swift */,
				FA50C3792A00B62400F3CDEF /* SceneDelegate.swift */,
				FA50C37B2A00B62400F3CDEF /* ViewController.swift */,
				FA50C37D2A00B62400F3CDEF /* Main.storyboard */,
				FA50C3AA2A00B66800F3CDEF /* CommonViews */,
				FA50C3802A00B62500F3CDEF /* Assets.xcassets */,
				FA50C3822A00B62500F3CDEF /* LaunchScreen.storyboard */,
				FA50C3852A00B62500F3CDEF /* Info.plist */,
			);
			path = ContentSizedTableViewAndConllectionView;
			sourceTree = "<group>";
		};
		FA50C38D2A00B62500F3CDEF /* ContentSizedTableViewAndConllectionViewTests */ = {
			isa = PBXGroup;
			children = (
				FA50C38E2A00B62500F3CDEF /* ContentSizedTableViewAndConllectionViewTests.swift */,
			);
			path = ContentSizedTableViewAndConllectionViewTests;
			sourceTree = "<group>";
		};
		FA50C3972A00B62500F3CDEF /* ContentSizedTableViewAndConllectionViewUITests */ = {
			isa = PBXGroup;
			children = (
				FA50C3982A00B62500F3CDEF /* ContentSizedTableViewAndConllectionViewUITests.swift */,
				FA50C39A2A00B62500F3CDEF /* ContentSizedTableViewAndConllectionViewUITestsLaunchTests.swift */,
			);
			path = ContentSizedTableViewAndConllectionViewUITests;
			sourceTree = "<group>";
		};
		FA50C3A72A00B63D00F3CDEF /* ContentSizedTableView */ = {
			isa = PBXGroup;
			children = (
				FA50C3A82A00B65500F3CDEF /* ContentSizedTableView.swift */,
			);
			path = ContentSizedTableView;
			sourceTree = "<group>";
		};
		FA50C3AA2A00B66800F3CDEF /* CommonViews */ = {
			isa = PBXGroup;
			children = (
				FA50C3AB2A00B69600F3CDEF /* ContentSizedCollectionView */,
				FA50C3A72A00B63D00F3CDEF /* ContentSizedTableView */,
			);
			path = CommonViews;
			sourceTree = "<group>";
		};
		FA50C3AB2A00B69600F3CDEF /* ContentSizedCollectionView */ = {
			isa = PBXGroup;
			children = (
				FA50C3AC2A00B6CB00F3CDEF /* ContentSizedCollectionView.swift */,
			);
			path = ContentSizedCollectionView;
			sourceTree = "<group>";
		};
/* End PBXGroup section */

/* Begin PBXNativeTarget section */
		FA50C3732A00B62300F3CDEF /* ContentSizedTableViewAndConllectionView */ = {
			isa = PBXNativeTarget;
			buildConfigurationList = FA50C39E2A00B62500F3CDEF /* Build configuration list for PBXNativeTarget "ContentSizedTableViewAndConllectionView" */;
			buildPhases = (
				FA50C3702A00B62300F3CDEF /* Sources */,
				FA50C3712A00B62300F3CDEF /* Frameworks */,
				FA50C3722A00B62300F3CDEF /* Resources */,
			);
			buildRules = (
			);
			dependencies = (
			);
			name = ContentSizedTableViewAndConllectionView;
			productName = ContentSizedTableViewAndConllectionView;
			productReference = FA50C3742A00B62400F3CDEF /* ContentSizedTableViewAndConllectionView.app */;
			productType = "com.apple.product-type.application";
		};
		FA50C3892A00B62500F3CDEF /* ContentSizedTableViewAndConllectionViewTests */ = {
			isa = PBXNativeTarget;
			buildConfigurationList = FA50C3A12A00B62500F3CDEF /* Build configuration list for PBXNativeTarget "ContentSizedTableViewAndConllectionViewTests" */;
			buildPhases = (
				FA50C3862A00B62500F3CDEF /* Sources */,
				FA50C3872A00B62500F3CDEF /* Frameworks */,
				FA50C3882A00B62500F3CDEF /* Resources */,
			);
			buildRules = (
			);
			dependencies = (
				FA50C38C2A00B62500F3CDEF /* PBXTargetDependency */,
			);
			name = ContentSizedTableViewAndConllectionViewTests;
			productName = ContentSizedTableViewAndConllectionViewTests;
			productReference = FA50C38A2A00B62500F3CDEF /* ContentSizedTableViewAndConllectionViewTests.xctest */;
			productType = "com.apple.product-type.bundle.unit-test";
		};
		FA50C3932A00B62500F3CDEF /* ContentSizedTableViewAndConllectionViewUITests */ = {
			isa = PBXNativeTarget;
			buildConfigurationList = FA50C3A42A00B62500F3CDEF /* Build configuration list for PBXNativeTarget "ContentSizedTableViewAndConllectionViewUITests" */;
			buildPhases = (
				FA50C3902A00B62500F3CDEF /* Sources */,
				FA50C3912A00B62500F3CDEF /* Frameworks */,
				FA50C3922A00B62500F3CDEF /* Resources */,
			);
			buildRules = (
			);
			dependencies = (
				FA50C3962A00B62500F3CDEF /* PBXTargetDependency */,
			);
			name = ContentSizedTableViewAndConllectionViewUITests;
			productName = ContentSizedTableViewAndConllectionViewUITests;
			productReference = FA50C3942A00B62500F3CDEF /* ContentSizedTableViewAndConllectionViewUITests.xctest */;
			productType = "com.apple.product-type.bundle.ui-testing";
		};
/* End PBXNativeTarget section */

/* Begin PBXProject section */
		FA50C36C2A00B62300F3CDEF /* Project object */ = {
			isa = PBXProject;
			attributes = {
				BuildIndependentTargetsInParallel = 1;
				LastSwiftUpdateCheck = 1430;
				LastUpgradeCheck = 1430;
				TargetAttributes = {
					FA50C3732A00B62300F3CDEF = {
						CreatedOnToolsVersion = 14.3;
					};
					FA50C3892A00B62500F3CDEF = {
						CreatedOnToolsVersion = 14.3;
						TestTargetID = FA50C3732A00B62300F3CDEF;
					};
					FA50C3932A00B62500F3CDEF = {
						CreatedOnToolsVersion = 14.3;
						TestTargetID = FA50C3732A00B62300F3CDEF;
					};
				};
			};
			buildConfigurationList = FA50C36F2A00B62300F3CDEF /* Build configuration list for PBXProject "ContentSizedTableViewAndConllectionView" */;
			compatibilityVersion = "Xcode 14.0";
			developmentRegion = en;
			hasScannedForEncodings = 0;
			knownRegions = (
				en,
				Base,
			);
			mainGroup = FA50C36B2A00B62300F3CDEF;
			productRefGroup = FA50C3752A00B62400F3CDEF /* Products */;
			projectDirPath = "";
			projectRoot = "";
			targets = (
				FA50C3732A00B62300F3CDEF /* ContentSizedTableViewAndConllectionView */,
				FA50C3892A00B62500F3CDEF /* ContentSizedTableViewAndConllectionViewTests */,
				FA50C3932A00B62500F3CDEF /* ContentSizedTableViewAndConllectionViewUITests */,
			);
		};
/* End PBXProject section */

/* Begin PBXResourcesBuildPhase section */
		FA50C3722A00B62300F3CDEF /* Resources */ = {
			isa = PBXResourcesBuildPhase;
			buildActionMask = 2147483647;
			files = (
				FA50C3842A00B62500F3CDEF /* LaunchScreen.storyboard in Resources */,
				FA50C3812A00B62500F3CDEF /* Assets.xcassets in Resources */,
				FA50C37F2A00B62400F3CDEF /* Main.storyboard in Resources */,
			);
			runOnlyForDeploymentPostprocessing = 0;
		};
		FA50C3882A00B62500F3CDEF /* Resources */ = {
			isa = PBXResourcesBuildPhase;
			buildActionMask = 2147483647;
			files = (
			);
			runOnlyForDeploymentPostprocessing = 0;
		};
		FA50C3922A00B62500F3CDEF /* Resources */ = {
			isa = PBXResourcesBuildPhase;
			buildActionMask = 2147483647;
			files = (
			);
			runOnlyForDeploymentPostprocessing = 0;
		};
/* End PBXResourcesBuildPhase section */

/* Begin PBXSourcesBuildPhase section */
		FA50C3702A00B62300F3CDEF /* Sources */ = {
			isa = PBXSourcesBuildPhase;
			buildActionMask = 2147483647;
			files = (
				FA50C37C2A00B62400F3CDEF /* ViewController.swift in Sources */,
				FA50C3782A00B62400F3CDEF /* AppDelegate.swift in Sources */,
				FA50C3AD2A00B6CB00F3CDEF /* ContentSizedCollectionView.swift in Sources */,
				FA50C37A2A00B62400F3CDEF /* SceneDelegate.swift in Sources */,
				FA50C3A92A00B65500F3CDEF /* ContentSizedTableView.swift in Sources */,
			);
			runOnlyForDeploymentPostprocessing = 0;
		};
		FA50C3862A00B62500F3CDEF /* Sources */ = {
			isa = PBXSourcesBuildPhase;
			buildActionMask = 2147483647;
			files = (
				FA50C38F2A00B62500F3CDEF /* ContentSizedTableViewAndConllectionViewTests.swift in Sources */,
			);
			runOnlyForDeploymentPostprocessing = 0;
		};
		FA50C3902A00B62500F3CDEF /* Sources */ = {
			isa = PBXSourcesBuildPhase;
			buildActionMask = 2147483647;
			files = (
				FA50C39B2A00B62500F3CDEF /* ContentSizedTableViewAndConllectionViewUITestsLaunchTests.swift in Sources */,
				FA50C3992A00B62500F3CDEF /* ContentSizedTableViewAndConllectionViewUITests.swift in Sources */,
			);
			runOnlyForDeploymentPostprocessing = 0;
		};
/* End PBXSourcesBuildPhase section */

/* Begin PBXTargetDependency section */
		FA50C38C2A00B62500F3CDEF /* PBXTargetDependency */ = {
			isa = PBXTargetDependency;
			target = FA50C3732A00B62300F3CDEF /* ContentSizedTableViewAndConllectionView */;
			targetProxy = FA50C38B2A00B62500F3CDEF /* PBXContainerItemProxy */;
		};
		FA50C3962A00B62500F3CDEF /* PBXTargetDependency */ = {
			isa = PBXTargetDependency;
			target = FA50C3732A00B62300F3CDEF /* ContentSizedTableViewAndConllectionView */;
			targetProxy = FA50C3952A00B62500F3CDEF /* PBXContainerItemProxy */;
		};
/* End PBXTargetDependency section */

/* Begin PBXVariantGroup section */
		FA50C37D2A00B62400F3CDEF /* Main.storyboard */ = {
			isa = PBXVariantGroup;
			children = (
				FA50C37E2A00B62400F3CDEF /* Base */,
			);
			name = Main.storyboard;
			sourceTree = "<group>";
		};
		FA50C3822A00B62500F3CDEF /* LaunchScreen.storyboard */ = {
			isa = PBXVariantGroup;
			children = (
				FA50C3832A00B62500F3CDEF /* Base */,
			);
			name = LaunchScreen.storyboard;
			sourceTree = "<group>";
		};
/* End PBXVariantGroup section */

/* Begin XCBuildConfiguration section */
		FA50C39C2A00B62500F3CDEF /* Debug */ = {
			isa = XCBuildConfiguration;
			buildSettings = {
				ALWAYS_SEARCH_USER_PATHS = NO;
				CLANG_ANALYZER_NONNULL = YES;
				CLANG_ANALYZER_NUMBER_OBJECT_CONVERSION = YES_AGGRESSIVE;
				CLANG_CXX_LANGUAGE_STANDARD = "gnu++20";
				CLANG_ENABLE_MODULES = YES;
				CLANG_ENABLE_OBJC_ARC = YES;
				CLANG_ENABLE_OBJC_WEAK = YES;
				CLANG_WARN_BLOCK_CAPTURE_AUTORELEASING = YES;
				CLANG_WARN_BOOL_CONVERSION = YES;
				CLANG_WARN_COMMA = YES;
				CLANG_WARN_CONSTANT_CONVERSION = YES;
				CLANG_WARN_DEPRECATED_OBJC_IMPLEMENTATIONS = YES;
				CLANG_WARN_DIRECT_OBJC_ISA_USAGE = YES_ERROR;
				CLANG_WARN_DOCUMENTATION_COMMENTS = YES;
				CLANG_WARN_EMPTY_BODY = YES;
				CLANG_WARN_ENUM_CONVERSION = YES;
				CLANG_WARN_INFINITE_RECURSION = YES;
				CLANG_WARN_INT_CONVERSION = YES;
				CLANG_WARN_NON_LITERAL_NULL_CONVERSION = YES;
				CLANG_WARN_OBJC_IMPLICIT_RETAIN_SELF = YES;
				CLANG_WARN_OBJC_LITERAL_CONVERSION = YES;
				CLANG_WARN_OBJC_ROOT_CLASS = YES_ERROR;
				CLANG_WARN_QUOTED_INCLUDE_IN_FRAMEWORK_HEADER = YES;
				CLANG_WARN_RANGE_LOOP_ANALYSIS = YES;
				CLANG_WARN_STRICT_PROTOTYPES = YES;
				CLANG_WARN_SUSPICIOUS_MOVE = YES;
				CLANG_WARN_UNGUARDED_AVAILABILITY = YES_AGGRESSIVE;
				CLANG_WARN_UNREACHABLE_CODE = YES;
				CLANG_WARN__DUPLICATE_METHOD_MATCH = YES;
				COPY_PHASE_STRIP = NO;
				DEBUG_INFORMATION_FORMAT = dwarf;
				ENABLE_STRICT_OBJC_MSGSEND = YES;
				ENABLE_TESTABILITY = YES;
				GCC_C_LANGUAGE_STANDARD = gnu11;
				GCC_DYNAMIC_NO_PIC = NO;
				GCC_NO_COMMON_BLOCKS = YES;
				GCC_OPTIMIZATION_LEVEL = 0;
				GCC_PREPROCESSOR_DEFINITIONS = (
					"DEBUG=1",
					"$(inherited)",
				);
				GCC_WARN_64_TO_32_BIT_CONVERSION = YES;
				GCC_WARN_ABOUT_RETURN_TYPE = YES_ERROR;
				GCC_WARN_UNDECLARED_SELECTOR = YES;
				GCC_WARN_UNINITIALIZED_AUTOS = YES_AGGRESSIVE;
				GCC_WARN_UNUSED_FUNCTION = YES;
				GCC_WARN_UNUSED_VARIABLE = YES;
				IPHONEOS_DEPLOYMENT_TARGET = 16.4;
				MTL_ENABLE_DEBUG_INFO = INCLUDE_SOURCE;
				MTL_FAST_MATH = YES;
				ONLY_ACTIVE_ARCH = YES;
				SDKROOT = iphoneos;
				SWIFT_ACTIVE_COMPILATION_CONDITIONS = DEBUG;
				SWIFT_OPTIMIZATION_LEVEL = "-Onone";
			};
			name = Debug;
		};
		FA50C39D2A00B62500F3CDEF /* Release */ = {
			isa = XCBuildConfiguration;
			buildSettings = {
				ALWAYS_SEARCH_USER_PATHS = NO;
				CLANG_ANALYZER_NONNULL = YES;
				CLANG_ANALYZER_NUMBER_OBJECT_CONVERSION = YES_AGGRESSIVE;
				CLANG_CXX_LANGUAGE_STANDARD = "gnu++20";
				CLANG_ENABLE_MODULES = YES;
				CLANG_ENABLE_OBJC_ARC = YES;
				CLANG_ENABLE_OBJC_WEAK = YES;
				CLANG_WARN_BLOCK_CAPTURE_AUTORELEASING = YES;
				CLANG_WARN_BOOL_CONVERSION = YES;
				CLANG_WARN_COMMA = YES;
				CLANG_WARN_CONSTANT_CONVERSION = YES;
				CLANG_WARN_DEPRECATED_OBJC_IMPLEMENTATIONS = YES;
				CLANG_WARN_DIRECT_OBJC_ISA_USAGE = YES_ERROR;
				CLANG_WARN_DOCUMENTATION_COMMENTS = YES;
				CLANG_WARN_EMPTY_BODY = YES;
				CLANG_WARN_ENUM_CONVERSION = YES;
				CLANG_WARN_INFINITE_RECURSION = YES;
				CLANG_WARN_INT_CONVERSION = YES;
				CLANG_WARN_NON_LITERAL_NULL_CONVERSION = YES;
				CLANG_WARN_OBJC_IMPLICIT_RETAIN_SELF = YES;
				CLANG_WARN_OBJC_LITERAL_CONVERSION = YES;
				CLANG_WARN_OBJC_ROOT_CLASS = YES_ERROR;
				CLANG_WARN_QUOTED_INCLUDE_IN_FRAMEWORK_HEADER = YES;
				CLANG_WARN_RANGE_LOOP_ANALYSIS = YES;
				CLANG_WARN_STRICT_PROTOTYPES = YES;
				CLANG_WARN_SUSPICIOUS_MOVE = YES;
				CLANG_WARN_UNGUARDED_AVAILABILITY = YES_AGGRESSIVE;
				CLANG_WARN_UNREACHABLE_CODE = YES;
				CLANG_WARN__DUPLICATE_METHOD_MATCH = YES;
				COPY_PHASE_STRIP = NO;
				DEBUG_INFORMATION_FORMAT = "dwarf-with-dsym";
				ENABLE_NS_ASSERTIONS = NO;
				ENABLE_STRICT_OBJC_MSGSEND = YES;
				GCC_C_LANGUAGE_STANDARD = gnu11;
				GCC_NO_COMMON_BLOCKS = YES;
				GCC_WARN_64_TO_32_BIT_CONVERSION = YES;
				GCC_WARN_ABOUT_RETURN_TYPE = YES_ERROR;
				GCC_WARN_UNDECLARED_SELECTOR = YES;
				GCC_WARN_UNINITIALIZED_AUTOS = YES_AGGRESSIVE;
				GCC_WARN_UNUSED_FUNCTION = YES;
				GCC_WARN_UNUSED_VARIABLE = YES;
				IPHONEOS_DEPLOYMENT_TARGET = 16.4;
				MTL_ENABLE_DEBUG_INFO = NO;
				MTL_FAST_MATH = YES;
				SDKROOT = iphoneos;
				SWIFT_COMPILATION_MODE = wholemodule;
				SWIFT_OPTIMIZATION_LEVEL = "-O";
				VALIDATE_PRODUCT = YES;
			};
			name = Release;
		};
		FA50C39F2A00B62500F3CDEF /* Debug */ = {
			isa = XCBuildConfiguration;
			buildSettings = {
				ASSETCATALOG_COMPILER_APPICON_NAME = AppIcon;
				ASSETCATALOG_COMPILER_GLOBAL_ACCENT_COLOR_NAME = AccentColor;
				CODE_SIGN_STYLE = Automatic;
				CURRENT_PROJECT_VERSION = 1;
				DEVELOPMENT_TEAM = V2ZH89V9YY;
				GENERATE_INFOPLIST_FILE = YES;
				INFOPLIST_FILE = ContentSizedTableViewAndConllectionView/Info.plist;
				INFOPLIST_KEY_UIApplicationSupportsIndirectInputEvents = YES;
				INFOPLIST_KEY_UILaunchStoryboardName = LaunchScreen;
				INFOPLIST_KEY_UIMainStoryboardFile = Main;
				INFOPLIST_KEY_UISupportedInterfaceOrientations_iPad = "UIInterfaceOrientationPortrait UIInterfaceOrientationPortraitUpsideDown UIInterfaceOrientationLandscapeLeft UIInterfaceOrientationLandscapeRight";
				INFOPLIST_KEY_UISupportedInterfaceOrientations_iPhone = "UIInterfaceOrientationPortrait UIInterfaceOrientationLandscapeLeft UIInterfaceOrientationLandscapeRight";
				LD_RUNPATH_SEARCH_PATHS = (
					"$(inherited)",
					"@executable_path/Frameworks",
				);
				MARKETING_VERSION = 1.0;
				PRODUCT_BUNDLE_IDENTIFIER = "ContentSizedTableViewAndConllectionView-iOS.ContentSizedTableViewAndConllectionView";
				PRODUCT_NAME = "$(TARGET_NAME)";
				SWIFT_EMIT_LOC_STRINGS = YES;
				SWIFT_VERSION = 5.0;
				TARGETED_DEVICE_FAMILY = "1,2";
			};
			name = Debug;
		};
		FA50C3A02A00B62500F3CDEF /* Release */ = {
			isa = XCBuildConfiguration;
			buildSettings = {
				ASSETCATALOG_COMPILER_APPICON_NAME = AppIcon;
				ASSETCATALOG_COMPILER_GLOBAL_ACCENT_COLOR_NAME = AccentColor;
				CODE_SIGN_STYLE = Automatic;
				CURRENT_PROJECT_VERSION = 1;
				DEVELOPMENT_TEAM = V2ZH89V9YY;
				GENERATE_INFOPLIST_FILE = YES;
				INFOPLIST_FILE = ContentSizedTableViewAndConllectionView/Info.plist;
				INFOPLIST_KEY_UIApplicationSupportsIndirectInputEvents = YES;
				INFOPLIST_KEY_UILaunchStoryboardName = LaunchScreen;
				INFOPLIST_KEY_UIMainStoryboardFile = Main;
				INFOPLIST_KEY_UISupportedInterfaceOrientations_iPad = "UIInterfaceOrientationPortrait UIInterfaceOrientationPortraitUpsideDown UIInterfaceOrientationLandscapeLeft UIInterfaceOrientationLandscapeRight";
				INFOPLIST_KEY_UISupportedInterfaceOrientations_iPhone = "UIInterfaceOrientationPortrait UIInterfaceOrientationLandscapeLeft UIInterfaceOrientationLandscapeRight";
				LD_RUNPATH_SEARCH_PATHS = (
					"$(inherited)",
					"@executable_path/Frameworks",
				);
				MARKETING_VERSION = 1.0;
				PRODUCT_BUNDLE_IDENTIFIER = "ContentSizedTableViewAndConllectionView-iOS.ContentSizedTableViewAndConllectionView";
				PRODUCT_NAME = "$(TARGET_NAME)";
				SWIFT_EMIT_LOC_STRINGS = YES;
				SWIFT_VERSION = 5.0;
				TARGETED_DEVICE_FAMILY = "1,2";
			};
			name = Release;
		};
		FA50C3A22A00B62500F3CDEF /* Debug */ = {
			isa = XCBuildConfiguration;
			buildSettings = {
				ALWAYS_EMBED_SWIFT_STANDARD_LIBRARIES = YES;
				BUNDLE_LOADER = "$(TEST_HOST)";
				CODE_SIGN_STYLE = Automatic;
				CURRENT_PROJECT_VERSION = 1;
				DEVELOPMENT_TEAM = V2ZH89V9YY;
				GENERATE_INFOPLIST_FILE = YES;
				IPHONEOS_DEPLOYMENT_TARGET = 16.4;
				MARKETING_VERSION = 1.0;
				PRODUCT_BUNDLE_IDENTIFIER = "ContentSizedTableViewAndConllectionView-iOS.ContentSizedTableViewAndConllectionViewTests";
				PRODUCT_NAME = "$(TARGET_NAME)";
				SWIFT_EMIT_LOC_STRINGS = NO;
				SWIFT_VERSION = 5.0;
				TARGETED_DEVICE_FAMILY = "1,2";
				TEST_HOST = "$(BUILT_PRODUCTS_DIR)/ContentSizedTableViewAndConllectionView.app/$(BUNDLE_EXECUTABLE_FOLDER_PATH)/ContentSizedTableViewAndConllectionView";
			};
			name = Debug;
		};
		FA50C3A32A00B62500F3CDEF /* Release */ = {
			isa = XCBuildConfiguration;
			buildSettings = {
				ALWAYS_EMBED_SWIFT_STANDARD_LIBRARIES = YES;
				BUNDLE_LOADER = "$(TEST_HOST)";
				CODE_SIGN_STYLE = Automatic;
				CURRENT_PROJECT_VERSION = 1;
				DEVELOPMENT_TEAM = V2ZH89V9YY;
				GENERATE_INFOPLIST_FILE = YES;
				IPHONEOS_DEPLOYMENT_TARGET = 16.4;
				MARKETING_VERSION = 1.0;
				PRODUCT_BUNDLE_IDENTIFIER = "ContentSizedTableViewAndConllectionView-iOS.ContentSizedTableViewAndConllectionViewTests";
				PRODUCT_NAME = "$(TARGET_NAME)";
				SWIFT_EMIT_LOC_STRINGS = NO;
				SWIFT_VERSION = 5.0;
				TARGETED_DEVICE_FAMILY = "1,2";
				TEST_HOST = "$(BUILT_PRODUCTS_DIR)/ContentSizedTableViewAndConllectionView.app/$(BUNDLE_EXECUTABLE_FOLDER_PATH)/ContentSizedTableViewAndConllectionView";
			};
			name = Release;
		};
		FA50C3A52A00B62500F3CDEF /* Debug */ = {
			isa = XCBuildConfiguration;
			buildSettings = {
				ALWAYS_EMBED_SWIFT_STANDARD_LIBRARIES = YES;
				CODE_SIGN_STYLE = Automatic;
				CURRENT_PROJECT_VERSION = 1;
				DEVELOPMENT_TEAM = V2ZH89V9YY;
				GENERATE_INFOPLIST_FILE = YES;
				MARKETING_VERSION = 1.0;
				PRODUCT_BUNDLE_IDENTIFIER = "ContentSizedTableViewAndConllectionView-iOS.ContentSizedTableViewAndConllectionViewUITests";
				PRODUCT_NAME = "$(TARGET_NAME)";
				SWIFT_EMIT_LOC_STRINGS = NO;
				SWIFT_VERSION = 5.0;
				TARGETED_DEVICE_FAMILY = "1,2";
				TEST_TARGET_NAME = ContentSizedTableViewAndConllectionView;
			};
			name = Debug;
		};
		FA50C3A62A00B62500F3CDEF /* Release */ = {
			isa = XCBuildConfiguration;
			buildSettings = {
				ALWAYS_EMBED_SWIFT_STANDARD_LIBRARIES = YES;
				CODE_SIGN_STYLE = Automatic;
				CURRENT_PROJECT_VERSION = 1;
				DEVELOPMENT_TEAM = V2ZH89V9YY;
				GENERATE_INFOPLIST_FILE = YES;
				MARKETING_VERSION = 1.0;
				PRODUCT_BUNDLE_IDENTIFIER = "ContentSizedTableViewAndConllectionView-iOS.ContentSizedTableViewAndConllectionViewUITests";
				PRODUCT_NAME = "$(TARGET_NAME)";
				SWIFT_EMIT_LOC_STRINGS = NO;
				SWIFT_VERSION = 5.0;
				TARGETED_DEVICE_FAMILY = "1,2";
				TEST_TARGET_NAME = ContentSizedTableViewAndConllectionView;
			};
			name = Release;
		};
/* End XCBuildConfiguration section */

/* Begin XCConfigurationList section */
		FA50C36F2A00B62300F3CDEF /* Build configuration list for PBXProject "ContentSizedTableViewAndConllectionView" */ = {
			isa = XCConfigurationList;
			buildConfigurations = (
				FA50C39C2A00B62500F3CDEF /* Debug */,
				FA50C39D2A00B62500F3CDEF /* Release */,
			);
			defaultConfigurationIsVisible = 0;
			defaultConfigurationName = Release;
		};
		FA50C39E2A00B62500F3CDEF /* Build configuration list for PBXNativeTarget "ContentSizedTableViewAndConllectionView" */ = {
			isa = XCConfigurationList;
			buildConfigurations = (
				FA50C39F2A00B62500F3CDEF /* Debug */,
				FA50C3A02A00B62500F3CDEF /* Release */,
			);
			defaultConfigurationIsVisible = 0;
			defaultConfigurationName = Release;
		};
		FA50C3A12A00B62500F3CDEF /* Build configuration list for PBXNativeTarget "ContentSizedTableViewAndConllectionViewTests" */ = {
			isa = XCConfigurationList;
			buildConfigurations = (
				FA50C3A22A00B62500F3CDEF /* Debug */,
				FA50C3A32A00B62500F3CDEF /* Release */,
			);
			defaultConfigurationIsVisible = 0;
			defaultConfigurationName = Release;
		};
		FA50C3A42A00B62500F3CDEF /* Build configuration list for PBXNativeTarget "ContentSizedTableViewAndConllectionViewUITests" */ = {
			isa = XCConfigurationList;
			buildConfigurations = (
				FA50C3A52A00B62500F3CDEF /* Debug */,
				FA50C3A62A00B62500F3CDEF /* Release */,
			);
			defaultConfigurationIsVisible = 0;
			defaultConfigurationName = Release;
		};
/* End XCConfigurationList section */
	};
	rootObject = FA50C36C2A00B62300F3CDEF /* Project object */;
}
